// !$*UTF8*$!
{
	archiveVersion = 1;
	classes = {
	};
	objectVersion = 52;
	objects = {

/* Begin PBXBuildFile section */
		F41C2F1025440F6700D497D5 /* ActivatebleItemControl.swift in Sources */ = {isa = PBXBuildFile; fileRef = F41C2F0F25440F6700D497D5 /* ActivatebleItemControl.swift */; };
		F41C2F1D2544160700D497D5 /* Typealiases.swift in Sources */ = {isa = PBXBuildFile; fileRef = F41C2F1C2544160700D497D5 /* Typealiases.swift */; };
		F46E7F48255F17C300B3FED4 /* Routing.swift in Sources */ = {isa = PBXBuildFile; fileRef = F46E7F47255F17C300B3FED4 /* Routing.swift */; };
		F484D0362539EE09007B048D /* .swiftformat in Resources */ = {isa = PBXBuildFile; fileRef = F484D0352539EE09007B048D /* .swiftformat */; };
		F484D03B2539EE9F007B048D /* .gitignore in Resources */ = {isa = PBXBuildFile; fileRef = F484D03A2539EE9F007B048D /* .gitignore */; };
		F490CBA3255345A7002821EB /* RingSpinner.swift in Sources */ = {isa = PBXBuildFile; fileRef = F490CBA2255345A7002821EB /* RingSpinner.swift */; };
		F490CBA72553D51D002821EB /* MenuButton.swift in Sources */ = {isa = PBXBuildFile; fileRef = F490CBA62553D51D002821EB /* MenuButton.swift */; };
		F4A65CCD2551AC34003F27BE /* SelectableButton.swift in Sources */ = {isa = PBXBuildFile; fileRef = F4A65CCC2551AC34003F27BE /* SelectableButton.swift */; };
		F4A65CE72552BC17003F27BE /* SceneDelegate.swift in Sources */ = {isa = PBXBuildFile; fileRef = F4A65CE62552BC17003F27BE /* SceneDelegate.swift */; };
		F4A65CEB2552BCCF003F27BE /* SplashView.swift in Sources */ = {isa = PBXBuildFile; fileRef = F4A65CEA2552BCCF003F27BE /* SplashView.swift */; };
		F4A65CEF2552FBE1003F27BE /* MainMenuView.swift in Sources */ = {isa = PBXBuildFile; fileRef = F4A65CEE2552FBE1003F27BE /* MainMenuView.swift */; };
		F4B94892254CAC830084E557 /* SplashComposer.swift in Sources */ = {isa = PBXBuildFile; fileRef = F4B94891254CAC830084E557 /* SplashComposer.swift */; };
		F4B94896254CAFE20084E557 /* SplashStore.swift in Sources */ = {isa = PBXBuildFile; fileRef = F4B94895254CAFE20084E557 /* SplashStore.swift */; };
		F4B948A4254DDE580084E557 /* MainMenuVC.swift in Sources */ = {isa = PBXBuildFile; fileRef = F4B948A3254DDE580084E557 /* MainMenuVC.swift */; };
		F4B948AA254DDE6C0084E557 /* MainMenuPresenter.swift in Sources */ = {isa = PBXBuildFile; fileRef = F4B948A9254DDE6C0084E557 /* MainMenuPresenter.swift */; };
		F4B948AE254DDE780084E557 /* MainMenuComposer.swift in Sources */ = {isa = PBXBuildFile; fileRef = F4B948AD254DDE780084E557 /* MainMenuComposer.swift */; };
		F4CE6E592557EA53001E8917 /* SplashPresenterTests.swift in Sources */ = {isa = PBXBuildFile; fileRef = F4CE6E552557EA53001E8917 /* SplashPresenterTests.swift */; };
		F4CE6E5A2557EA53001E8917 /* ActivatableItemControlTest.swift in Sources */ = {isa = PBXBuildFile; fileRef = F4CE6E562557EA53001E8917 /* ActivatableItemControlTest.swift */; };
		F4CE6E5B2557EA53001E8917 /* CommonUIComponentsTest.swift in Sources */ = {isa = PBXBuildFile; fileRef = F4CE6E572557EA53001E8917 /* CommonUIComponentsTest.swift */; };
		F4CE6E5C2557EA53001E8917 /* Info.plist in Resources */ = {isa = PBXBuildFile; fileRef = F4CE6E582557EA53001E8917 /* Info.plist */; };
		F4CEEEF7253829B900A37ECB /* AppDelegate.swift in Sources */ = {isa = PBXBuildFile; fileRef = F4CEEEF6253829B900A37ECB /* AppDelegate.swift */; };
		F4CEEF00253829BB00A37ECB /* Assets.xcassets in Resources */ = {isa = PBXBuildFile; fileRef = F4CEEEFF253829BB00A37ECB /* Assets.xcassets */; };
		F4CEEF03253829BB00A37ECB /* LaunchScreen.storyboard in Resources */ = {isa = PBXBuildFile; fileRef = F4CEEF01253829BB00A37ECB /* LaunchScreen.storyboard */; };
		F4DA4BC4254E958C00C3F78F /* ColorPalette.swift in Sources */ = {isa = PBXBuildFile; fileRef = F4DA4BC3254E958C00C3F78F /* ColorPalette.swift */; };
		F4DC105D2538400D0074B211 /* SwiftFormat in Frameworks */ = {isa = PBXBuildFile; productRef = F4DC105C2538400D0074B211 /* SwiftFormat */; };
		F4F73A66253C384E00CB618A /* SpinnerView.swift in Sources */ = {isa = PBXBuildFile; fileRef = F4F73A65253C384E00CB618A /* SpinnerView.swift */; };
/* End PBXBuildFile section */

/* Begin PBXContainerItemProxy section */
		F4CEEF0A253829BB00A37ECB /* PBXContainerItemProxy */ = {
			isa = PBXContainerItemProxy;
			containerPortal = F4CEEEEB253829B900A37ECB /* Project object */;
			proxyType = 1;
			remoteGlobalIDString = F4CEEEF2253829B900A37ECB;
			remoteInfo = BluetoothConnectTest;
		};
/* End PBXContainerItemProxy section */

/* Begin PBXFileReference section */
		F41C2F0F25440F6700D497D5 /* ActivatebleItemControl.swift */ = {isa = PBXFileReference; lastKnownFileType = sourcecode.swift; path = ActivatebleItemControl.swift; sourceTree = "<group>"; };
		F41C2F1C2544160700D497D5 /* Typealiases.swift */ = {isa = PBXFileReference; lastKnownFileType = sourcecode.swift; path = Typealiases.swift; sourceTree = "<group>"; };
		F46E7F47255F17C300B3FED4 /* Routing.swift */ = {isa = PBXFileReference; lastKnownFileType = sourcecode.swift; path = Routing.swift; sourceTree = "<group>"; };
		F484D0352539EE09007B048D /* .swiftformat */ = {isa = PBXFileReference; fileEncoding = 4; lastKnownFileType = text; path = .swiftformat; sourceTree = SOURCE_ROOT; };
		F484D03A2539EE9F007B048D /* .gitignore */ = {isa = PBXFileReference; fileEncoding = 4; lastKnownFileType = text; path = .gitignore; sourceTree = SOURCE_ROOT; };
		F490CBA2255345A7002821EB /* RingSpinner.swift */ = {isa = PBXFileReference; lastKnownFileType = sourcecode.swift; path = RingSpinner.swift; sourceTree = "<group>"; };
		F490CBA62553D51D002821EB /* MenuButton.swift */ = {isa = PBXFileReference; lastKnownFileType = sourcecode.swift; path = MenuButton.swift; sourceTree = "<group>"; };
		F4A65CCC2551AC34003F27BE /* SelectableButton.swift */ = {isa = PBXFileReference; lastKnownFileType = sourcecode.swift; path = SelectableButton.swift; sourceTree = "<group>"; };
		F4A65CE62552BC17003F27BE /* SceneDelegate.swift */ = {isa = PBXFileReference; lastKnownFileType = sourcecode.swift; path = SceneDelegate.swift; sourceTree = "<group>"; };
		F4A65CEA2552BCCF003F27BE /* SplashView.swift */ = {isa = PBXFileReference; lastKnownFileType = sourcecode.swift; path = SplashView.swift; sourceTree = "<group>"; };
		F4A65CEE2552FBE1003F27BE /* MainMenuView.swift */ = {isa = PBXFileReference; lastKnownFileType = sourcecode.swift; path = MainMenuView.swift; sourceTree = "<group>"; };
		F4B94891254CAC830084E557 /* SplashComposer.swift */ = {isa = PBXFileReference; lastKnownFileType = sourcecode.swift; path = SplashComposer.swift; sourceTree = "<group>"; };
		F4B94895254CAFE20084E557 /* SplashStore.swift */ = {isa = PBXFileReference; lastKnownFileType = sourcecode.swift; path = SplashStore.swift; sourceTree = "<group>"; };
		F4B948A3254DDE580084E557 /* MainMenuVC.swift */ = {isa = PBXFileReference; lastKnownFileType = sourcecode.swift; path = MainMenuVC.swift; sourceTree = "<group>"; };
		F4B948A9254DDE6C0084E557 /* MainMenuPresenter.swift */ = {isa = PBXFileReference; lastKnownFileType = sourcecode.swift; path = MainMenuPresenter.swift; sourceTree = "<group>"; };
		F4B948AD254DDE780084E557 /* MainMenuComposer.swift */ = {isa = PBXFileReference; lastKnownFileType = sourcecode.swift; path = MainMenuComposer.swift; sourceTree = "<group>"; };
		F4CE6E552557EA53001E8917 /* SplashPresenterTests.swift */ = {isa = PBXFileReference; fileEncoding = 4; lastKnownFileType = sourcecode.swift; path = SplashPresenterTests.swift; sourceTree = "<group>"; };
		F4CE6E562557EA53001E8917 /* ActivatableItemControlTest.swift */ = {isa = PBXFileReference; fileEncoding = 4; lastKnownFileType = sourcecode.swift; path = ActivatableItemControlTest.swift; sourceTree = "<group>"; };
		F4CE6E572557EA53001E8917 /* CommonUIComponentsTest.swift */ = {isa = PBXFileReference; fileEncoding = 4; lastKnownFileType = sourcecode.swift; path = CommonUIComponentsTest.swift; sourceTree = "<group>"; };
		F4CE6E582557EA53001E8917 /* Info.plist */ = {isa = PBXFileReference; fileEncoding = 4; lastKnownFileType = text.plist.xml; path = Info.plist; sourceTree = "<group>"; };
		F4CEEEF3253829B900A37ECB /* Konevod.app */ = {isa = PBXFileReference; explicitFileType = wrapper.application; includeInIndex = 0; path = Konevod.app; sourceTree = BUILT_PRODUCTS_DIR; };
		F4CEEEF6253829B900A37ECB /* AppDelegate.swift */ = {isa = PBXFileReference; lastKnownFileType = sourcecode.swift; path = AppDelegate.swift; sourceTree = "<group>"; };
		F4CEEEFF253829BB00A37ECB /* Assets.xcassets */ = {isa = PBXFileReference; lastKnownFileType = folder.assetcatalog; path = Assets.xcassets; sourceTree = "<group>"; };
		F4CEEF02253829BB00A37ECB /* Base */ = {isa = PBXFileReference; lastKnownFileType = file.storyboard; name = Base; path = Base.lproj/LaunchScreen.storyboard; sourceTree = "<group>"; };
		F4CEEF04253829BB00A37ECB /* Info.plist */ = {isa = PBXFileReference; lastKnownFileType = text.plist.xml; path = Info.plist; sourceTree = "<group>"; };
		F4CEEF09253829BB00A37ECB /* KonevodTests.xctest */ = {isa = PBXFileReference; explicitFileType = wrapper.cfbundle; includeInIndex = 0; path = KonevodTests.xctest; sourceTree = BUILT_PRODUCTS_DIR; };
		F4DA4BC3254E958C00C3F78F /* ColorPalette.swift */ = {isa = PBXFileReference; lastKnownFileType = sourcecode.swift; path = ColorPalette.swift; sourceTree = "<group>"; };
		F4F73A65253C384E00CB618A /* SpinnerView.swift */ = {isa = PBXFileReference; lastKnownFileType = sourcecode.swift; path = SpinnerView.swift; sourceTree = "<group>"; };
/* End PBXFileReference section */

/* Begin PBXFrameworksBuildPhase section */
		F4CEEEF0253829B900A37ECB /* Frameworks */ = {
			isa = PBXFrameworksBuildPhase;
			buildActionMask = 2147483647;
			files = (
				F4DC105D2538400D0074B211 /* SwiftFormat in Frameworks */,
			);
			runOnlyForDeploymentPostprocessing = 0;
		};
		F4CEEF06253829BB00A37ECB /* Frameworks */ = {
			isa = PBXFrameworksBuildPhase;
			buildActionMask = 2147483647;
			files = (
			);
			runOnlyForDeploymentPostprocessing = 0;
		};
/* End PBXFrameworksBuildPhase section */

/* Begin PBXGroup section */
		F484D0342539EDD7007B048D /* Supporting FIles */ = {
			isa = PBXGroup;
			children = (
				F484D03A2539EE9F007B048D /* .gitignore */,
				F484D0352539EE09007B048D /* .swiftformat */,
				F4CEEF04253829BB00A37ECB /* Info.plist */,
				F4CEEF01253829BB00A37ECB /* LaunchScreen.storyboard */,
				F4CEEEFF253829BB00A37ECB /* Assets.xcassets */,
			);
			path = "Supporting FIles";
			sourceTree = "<group>";
		};
		F484D04B2539F32C007B048D /* AppConfig */ = {
			isa = PBXGroup;
			children = (
				F4CEEEF6253829B900A37ECB /* AppDelegate.swift */,
				F4A65CE62552BC17003F27BE /* SceneDelegate.swift */,
				F46E7F47255F17C300B3FED4 /* Routing.swift */,
			);
			path = AppConfig;
			sourceTree = "<group>";
		};
		F484D04C2539F436007B048D /* Presentation */ = {
			isa = PBXGroup;
			children = (
				F4F73A64253C383F00CB618A /* Common */,
				F484D04F2539F66C007B048D /* Splash */,
				F4B948A2254DDDF60084E557 /* Main Menu */,
			);
			path = Presentation;
			sourceTree = "<group>";
		};
		F484D04D2539F459007B048D /* Core */ = {
			isa = PBXGroup;
			children = (
				F41C2F1C2544160700D497D5 /* Typealiases.swift */,
			);
			path = Core;
			sourceTree = "<group>";
		};
		F484D04F2539F66C007B048D /* Splash */ = {
			isa = PBXGroup;
			children = (
				F4A65CEA2552BCCF003F27BE /* SplashView.swift */,
				F4B94895254CAFE20084E557 /* SplashStore.swift */,
				F4B94891254CAC830084E557 /* SplashComposer.swift */,
			);
			path = Splash;
			sourceTree = "<group>";
		};
		F4A65CD02551AC54003F27BE /* ViewComponents */ = {
			isa = PBXGroup;
			children = (
				F4F73A65253C384E00CB618A /* SpinnerView.swift */,
				F4A65CCC2551AC34003F27BE /* SelectableButton.swift */,
				F490CBA2255345A7002821EB /* RingSpinner.swift */,
				F490CBA62553D51D002821EB /* MenuButton.swift */,
			);
			path = ViewComponents;
			sourceTree = "<group>";
		};
		F4B948A2254DDDF60084E557 /* Main Menu */ = {
			isa = PBXGroup;
			children = (
				F4B948A3254DDE580084E557 /* MainMenuVC.swift */,
				F4B948A9254DDE6C0084E557 /* MainMenuPresenter.swift */,
				F4B948AD254DDE780084E557 /* MainMenuComposer.swift */,
				F4A65CEE2552FBE1003F27BE /* MainMenuView.swift */,
			);
			path = "Main Menu";
			sourceTree = "<group>";
		};
		F4CE6E532557EA53001E8917 /* KonevodTests */ = {
			isa = PBXGroup;
			children = (
				F4CE6E542557EA53001E8917 /* Splash */,
				F4CE6E562557EA53001E8917 /* ActivatableItemControlTest.swift */,
				F4CE6E572557EA53001E8917 /* CommonUIComponentsTest.swift */,
				F4CE6E582557EA53001E8917 /* Info.plist */,
			);
			path = KonevodTests;
			sourceTree = "<group>";
		};
		F4CE6E542557EA53001E8917 /* Splash */ = {
			isa = PBXGroup;
			children = (
				F4CE6E552557EA53001E8917 /* SplashPresenterTests.swift */,
			);
			path = Splash;
			sourceTree = "<group>";
		};
		F4CEEEEA253829B900A37ECB = {
			isa = PBXGroup;
			children = (
				F4CEEEF5253829B900A37ECB /* Konevod */,
				F4CE6E532557EA53001E8917 /* KonevodTests */,
				F4CEEEF4253829B900A37ECB /* Products */,
			);
			sourceTree = "<group>";
		};
		F4CEEEF4253829B900A37ECB /* Products */ = {
			isa = PBXGroup;
			children = (
				F4CEEEF3253829B900A37ECB /* Konevod.app */,
				F4CEEF09253829BB00A37ECB /* KonevodTests.xctest */,
			);
			name = Products;
			sourceTree = "<group>";
		};
		F4CEEEF5253829B900A37ECB /* Konevod */ = {
			isa = PBXGroup;
			children = (
				F484D04B2539F32C007B048D /* AppConfig */,
				F484D04C2539F436007B048D /* Presentation */,
				F484D04D2539F459007B048D /* Core */,
				F484D0342539EDD7007B048D /* Supporting FIles */,
			);
			path = Konevod;
			sourceTree = "<group>";
		};
		F4F73A64253C383F00CB618A /* Common */ = {
			isa = PBXGroup;
			children = (
				F4A65CD02551AC54003F27BE /* ViewComponents */,
				F41C2F0F25440F6700D497D5 /* ActivatebleItemControl.swift */,
				F4DA4BC3254E958C00C3F78F /* ColorPalette.swift */,
			);
			path = Common;
			sourceTree = "<group>";
		};
/* End PBXGroup section */

/* Begin PBXNativeTarget section */
		F4CEEEF2253829B900A37ECB /* Konevod */ = {
			isa = PBXNativeTarget;
			buildConfigurationList = F4CEEF1D253829BB00A37ECB /* Build configuration list for PBXNativeTarget "Konevod" */;
			buildPhases = (
				F4CEEEEF253829B900A37ECB /* Sources */,
				F4CEEEF0253829B900A37ECB /* Frameworks */,
				F4CEEEF1253829B900A37ECB /* Resources */,
				F484D0302539EB0D007B048D /* SwiftFormat */,
			);
			buildRules = (
			);
			dependencies = (
			);
			name = Konevod;
			packageProductDependencies = (
				F4DC105C2538400D0074B211 /* SwiftFormat */,
			);
			productName = BluetoothConnectTest;
			productReference = F4CEEEF3253829B900A37ECB /* Konevod.app */;
			productType = "com.apple.product-type.application";
		};
		F4CEEF08253829BB00A37ECB /* KonevodTests */ = {
			isa = PBXNativeTarget;
			buildConfigurationList = F4CEEF20253829BB00A37ECB /* Build configuration list for PBXNativeTarget "KonevodTests" */;
			buildPhases = (
				F4CEEF05253829BB00A37ECB /* Sources */,
				F4CEEF06253829BB00A37ECB /* Frameworks */,
				F4CEEF07253829BB00A37ECB /* Resources */,
			);
			buildRules = (
			);
			dependencies = (
				F4CEEF0B253829BB00A37ECB /* PBXTargetDependency */,
			);
			name = KonevodTests;
			productName = BluetoothConnectTestTests;
			productReference = F4CEEF09253829BB00A37ECB /* KonevodTests.xctest */;
			productType = "com.apple.product-type.bundle.unit-test";
		};
/* End PBXNativeTarget section */

/* Begin PBXProject section */
		F4CEEEEB253829B900A37ECB /* Project object */ = {
			isa = PBXProject;
			attributes = {
				LastSwiftUpdateCheck = 1200;
				LastUpgradeCheck = 1200;
				ORGANIZATIONNAME = "Nirma Studio";
				TargetAttributes = {
					F4CEEEF2253829B900A37ECB = {
						CreatedOnToolsVersion = 12.0.1;
					};
					F4CEEF08253829BB00A37ECB = {
						CreatedOnToolsVersion = 12.0.1;
						TestTargetID = F4CEEEF2253829B900A37ECB;
					};
				};
			};
			buildConfigurationList = F4CEEEEE253829B900A37ECB /* Build configuration list for PBXProject "Konevod" */;
			compatibilityVersion = "Xcode 9.3";
			developmentRegion = en;
			hasScannedForEncodings = 0;
			knownRegions = (
				en,
				Base,
			);
			mainGroup = F4CEEEEA253829B900A37ECB;
			packageReferences = (
				F4DC105B2538400D0074B211 /* XCRemoteSwiftPackageReference "SwiftFormat" */,
			);
			productRefGroup = F4CEEEF4253829B900A37ECB /* Products */;
			projectDirPath = "";
			projectRoot = "";
			targets = (
				F4CEEEF2253829B900A37ECB /* Konevod */,
				F4CEEF08253829BB00A37ECB /* KonevodTests */,
			);
		};
/* End PBXProject section */

/* Begin PBXResourcesBuildPhase section */
		F4CEEEF1253829B900A37ECB /* Resources */ = {
			isa = PBXResourcesBuildPhase;
			buildActionMask = 2147483647;
			files = (
				F484D03B2539EE9F007B048D /* .gitignore in Resources */,
				F484D0362539EE09007B048D /* .swiftformat in Resources */,
				F4CEEF03253829BB00A37ECB /* LaunchScreen.storyboard in Resources */,
				F4CEEF00253829BB00A37ECB /* Assets.xcassets in Resources */,
			);
			runOnlyForDeploymentPostprocessing = 0;
		};
		F4CEEF07253829BB00A37ECB /* Resources */ = {
			isa = PBXResourcesBuildPhase;
			buildActionMask = 2147483647;
			files = (
				F4CE6E5C2557EA53001E8917 /* Info.plist in Resources */,
			);
			runOnlyForDeploymentPostprocessing = 0;
		};
/* End PBXResourcesBuildPhase section */

/* Begin PBXShellScriptBuildPhase section */
		F484D0302539EB0D007B048D /* SwiftFormat */ = {
			isa = PBXShellScriptBuildPhase;
			buildActionMask = 2147483647;
			files = (
			);
			inputFileListPaths = (
			);
			inputPaths = (
			);
			name = SwiftFormat;
			outputFileListPaths = (
			);
			outputPaths = (
			);
			runOnlyForDeploymentPostprocessing = 0;
			shellPath = /bin/sh;
			shellScript = "if which swiftformat >/dev/null; then\n  swiftformat --lint --lenient .\nelse\n  echo \"warning: SwiftFormat not installed, download from https://github.com/nicklockwood/SwiftFormat\"\nfi\n";
		};
/* End PBXShellScriptBuildPhase section */

/* Begin PBXSourcesBuildPhase section */
		F4CEEEEF253829B900A37ECB /* Sources */ = {
			isa = PBXSourcesBuildPhase;
			buildActionMask = 2147483647;
			files = (
				F4A65CEF2552FBE1003F27BE /* MainMenuView.swift in Sources */,
				F41C2F1025440F6700D497D5 /* ActivatebleItemControl.swift in Sources */,
				F4B94896254CAFE20084E557 /* SplashStore.swift in Sources */,
				F4CEEEF7253829B900A37ECB /* AppDelegate.swift in Sources */,
				F41C2F1D2544160700D497D5 /* Typealiases.swift in Sources */,
				F4F73A66253C384E00CB618A /* SpinnerView.swift in Sources */,
				F4B948AA254DDE6C0084E557 /* MainMenuPresenter.swift in Sources */,
				F4B94892254CAC830084E557 /* SplashComposer.swift in Sources */,
				F4B948AE254DDE780084E557 /* MainMenuComposer.swift in Sources */,
				F490CBA72553D51D002821EB /* MenuButton.swift in Sources */,
				F4A65CE72552BC17003F27BE /* SceneDelegate.swift in Sources */,
				F4B948A4254DDE580084E557 /* MainMenuVC.swift in Sources */,
				F490CBA3255345A7002821EB /* RingSpinner.swift in Sources */,
				F4A65CCD2551AC34003F27BE /* SelectableButton.swift in Sources */,
				F46E7F48255F17C300B3FED4 /* Routing.swift in Sources */,
				F4DA4BC4254E958C00C3F78F /* ColorPalette.swift in Sources */,
				F4A65CEB2552BCCF003F27BE /* SplashView.swift in Sources */,
			);
			runOnlyForDeploymentPostprocessing = 0;
		};
		F4CEEF05253829BB00A37ECB /* Sources */ = {
			isa = PBXSourcesBuildPhase;
			buildActionMask = 2147483647;
			files = (
				F4CE6E5A2557EA53001E8917 /* ActivatableItemControlTest.swift in Sources */,
				F4CE6E5B2557EA53001E8917 /* CommonUIComponentsTest.swift in Sources */,
				F4CE6E592557EA53001E8917 /* SplashPresenterTests.swift in Sources */,
			);
			runOnlyForDeploymentPostprocessing = 0;
		};
/* End PBXSourcesBuildPhase section */

/* Begin PBXTargetDependency section */
		F4CEEF0B253829BB00A37ECB /* PBXTargetDependency */ = {
			isa = PBXTargetDependency;
			target = F4CEEEF2253829B900A37ECB /* Konevod */;
			targetProxy = F4CEEF0A253829BB00A37ECB /* PBXContainerItemProxy */;
		};
/* End PBXTargetDependency section */

/* Begin PBXVariantGroup section */
		F4CEEF01253829BB00A37ECB /* LaunchScreen.storyboard */ = {
			isa = PBXVariantGroup;
			children = (
				F4CEEF02253829BB00A37ECB /* Base */,
			);
			name = LaunchScreen.storyboard;
			sourceTree = "<group>";
		};
/* End PBXVariantGroup section */

/* Begin XCBuildConfiguration section */
		F4CEEF1B253829BB00A37ECB /* Debug */ = {
			isa = XCBuildConfiguration;
			buildSettings = {
				ALWAYS_SEARCH_USER_PATHS = NO;
				CLANG_ANALYZER_NONNULL = YES;
				CLANG_ANALYZER_NUMBER_OBJECT_CONVERSION = YES_AGGRESSIVE;
				CLANG_CXX_LANGUAGE_STANDARD = "gnu++14";
				CLANG_CXX_LIBRARY = "libc++";
				CLANG_ENABLE_MODULES = YES;
				CLANG_ENABLE_OBJC_ARC = YES;
				CLANG_ENABLE_OBJC_WEAK = YES;
				CLANG_WARN_BLOCK_CAPTURE_AUTORELEASING = YES;
				CLANG_WARN_BOOL_CONVERSION = YES;
				CLANG_WARN_COMMA = YES;
				CLANG_WARN_CONSTANT_CONVERSION = YES;
				CLANG_WARN_DEPRECATED_OBJC_IMPLEMENTATIONS = YES;
				CLANG_WARN_DIRECT_OBJC_ISA_USAGE = YES_ERROR;
				CLANG_WARN_DOCUMENTATION_COMMENTS = YES;
				CLANG_WARN_EMPTY_BODY = YES;
				CLANG_WARN_ENUM_CONVERSION = YES;
				CLANG_WARN_INFINITE_RECURSION = YES;
				CLANG_WARN_INT_CONVERSION = YES;
				CLANG_WARN_NON_LITERAL_NULL_CONVERSION = YES;
				CLANG_WARN_OBJC_IMPLICIT_RETAIN_SELF = YES;
				CLANG_WARN_OBJC_LITERAL_CONVERSION = YES;
				CLANG_WARN_OBJC_ROOT_CLASS = YES_ERROR;
				CLANG_WARN_QUOTED_INCLUDE_IN_FRAMEWORK_HEADER = YES;
				CLANG_WARN_RANGE_LOOP_ANALYSIS = YES;
				CLANG_WARN_STRICT_PROTOTYPES = YES;
				CLANG_WARN_SUSPICIOUS_MOVE = YES;
				CLANG_WARN_UNGUARDED_AVAILABILITY = YES_AGGRESSIVE;
				CLANG_WARN_UNREACHABLE_CODE = YES;
				CLANG_WARN__DUPLICATE_METHOD_MATCH = YES;
				COPY_PHASE_STRIP = NO;
				DEBUG_INFORMATION_FORMAT = dwarf;
				ENABLE_STRICT_OBJC_MSGSEND = YES;
				ENABLE_TESTABILITY = YES;
				GCC_C_LANGUAGE_STANDARD = gnu11;
				GCC_DYNAMIC_NO_PIC = NO;
				GCC_NO_COMMON_BLOCKS = YES;
				GCC_OPTIMIZATION_LEVEL = 0;
				GCC_PREPROCESSOR_DEFINITIONS = (
					"DEBUG=1",
					"$(inherited)",
				);
				GCC_WARN_64_TO_32_BIT_CONVERSION = YES;
				GCC_WARN_ABOUT_RETURN_TYPE = YES_ERROR;
				GCC_WARN_UNDECLARED_SELECTOR = YES;
				GCC_WARN_UNINITIALIZED_AUTOS = YES_AGGRESSIVE;
				GCC_WARN_UNUSED_FUNCTION = YES;
				GCC_WARN_UNUSED_VARIABLE = YES;
				IPHONEOS_DEPLOYMENT_TARGET = 14.0;
				MTL_ENABLE_DEBUG_INFO = INCLUDE_SOURCE;
				MTL_FAST_MATH = YES;
				ONLY_ACTIVE_ARCH = YES;
				SDKROOT = iphoneos;
				SWIFT_ACTIVE_COMPILATION_CONDITIONS = DEBUG;
				SWIFT_OPTIMIZATION_LEVEL = "-Onone";
			};
			name = Debug;
		};
		F4CEEF1C253829BB00A37ECB /* Release */ = {
			isa = XCBuildConfiguration;
			buildSettings = {
				ALWAYS_SEARCH_USER_PATHS = NO;
				CLANG_ANALYZER_NONNULL = YES;
				CLANG_ANALYZER_NUMBER_OBJECT_CONVERSION = YES_AGGRESSIVE;
				CLANG_CXX_LANGUAGE_STANDARD = "gnu++14";
				CLANG_CXX_LIBRARY = "libc++";
				CLANG_ENABLE_MODULES = YES;
				CLANG_ENABLE_OBJC_ARC = YES;
				CLANG_ENABLE_OBJC_WEAK = YES;
				CLANG_WARN_BLOCK_CAPTURE_AUTORELEASING = YES;
				CLANG_WARN_BOOL_CONVERSION = YES;
				CLANG_WARN_COMMA = YES;
				CLANG_WARN_CONSTANT_CONVERSION = YES;
				CLANG_WARN_DEPRECATED_OBJC_IMPLEMENTATIONS = YES;
				CLANG_WARN_DIRECT_OBJC_ISA_USAGE = YES_ERROR;
				CLANG_WARN_DOCUMENTATION_COMMENTS = YES;
				CLANG_WARN_EMPTY_BODY = YES;
				CLANG_WARN_ENUM_CONVERSION = YES;
				CLANG_WARN_INFINITE_RECURSION = YES;
				CLANG_WARN_INT_CONVERSION = YES;
				CLANG_WARN_NON_LITERAL_NULL_CONVERSION = YES;
				CLANG_WARN_OBJC_IMPLICIT_RETAIN_SELF = YES;
				CLANG_WARN_OBJC_LITERAL_CONVERSION = YES;
				CLANG_WARN_OBJC_ROOT_CLASS = YES_ERROR;
				CLANG_WARN_QUOTED_INCLUDE_IN_FRAMEWORK_HEADER = YES;
				CLANG_WARN_RANGE_LOOP_ANALYSIS = YES;
				CLANG_WARN_STRICT_PROTOTYPES = YES;
				CLANG_WARN_SUSPICIOUS_MOVE = YES;
				CLANG_WARN_UNGUARDED_AVAILABILITY = YES_AGGRESSIVE;
				CLANG_WARN_UNREACHABLE_CODE = YES;
				CLANG_WARN__DUPLICATE_METHOD_MATCH = YES;
				COPY_PHASE_STRIP = NO;
				DEBUG_INFORMATION_FORMAT = "dwarf-with-dsym";
				ENABLE_NS_ASSERTIONS = NO;
				ENABLE_STRICT_OBJC_MSGSEND = YES;
				GCC_C_LANGUAGE_STANDARD = gnu11;
				GCC_NO_COMMON_BLOCKS = YES;
				GCC_WARN_64_TO_32_BIT_CONVERSION = YES;
				GCC_WARN_ABOUT_RETURN_TYPE = YES_ERROR;
				GCC_WARN_UNDECLARED_SELECTOR = YES;
				GCC_WARN_UNINITIALIZED_AUTOS = YES_AGGRESSIVE;
				GCC_WARN_UNUSED_FUNCTION = YES;
				GCC_WARN_UNUSED_VARIABLE = YES;
				IPHONEOS_DEPLOYMENT_TARGET = 14.0;
				MTL_ENABLE_DEBUG_INFO = NO;
				MTL_FAST_MATH = YES;
				SDKROOT = iphoneos;
				SWIFT_COMPILATION_MODE = wholemodule;
				SWIFT_OPTIMIZATION_LEVEL = "-O";
				VALIDATE_PRODUCT = YES;
			};
			name = Release;
		};
		F4CEEF1E253829BB00A37ECB /* Debug */ = {
			isa = XCBuildConfiguration;
			buildSettings = {
				ASSETCATALOG_COMPILER_APPICON_NAME = AppIcon;
				ASSETCATALOG_COMPILER_GLOBAL_ACCENT_COLOR_NAME = AccentColor;
				CODE_SIGN_IDENTITY = "Apple Development";
				CODE_SIGN_STYLE = Automatic;
				DEVELOPMENT_TEAM = U9A52X52G8;
				INFOPLIST_FILE = "$(SRCROOT)/Konevod/Supporting FIles/Info.plist";
				IPHONEOS_DEPLOYMENT_TARGET = 13.0;
				LD_RUNPATH_SEARCH_PATHS = (
					"$(inherited)",
					"@executable_path/Frameworks",
				);
				PRODUCT_BUNDLE_IDENTIFIER = com.nirma.Konevod;
				PRODUCT_NAME = "$(TARGET_NAME)";
				PROVISIONING_PROFILE_SPECIFIER = "";
				SWIFT_VERSION = 5.0;
				TARGETED_DEVICE_FAMILY = 1;
			};
			name = Debug;
		};
		F4CEEF1F253829BB00A37ECB /* Release */ = {
			isa = XCBuildConfiguration;
			buildSettings = {
				ASSETCATALOG_COMPILER_APPICON_NAME = AppIcon;
				ASSETCATALOG_COMPILER_GLOBAL_ACCENT_COLOR_NAME = AccentColor;
				CODE_SIGN_IDENTITY = "Apple Development";
				CODE_SIGN_STYLE = Automatic;
				DEVELOPMENT_TEAM = U9A52X52G8;
				INFOPLIST_FILE = "$(SRCROOT)/Konevod/Supporting FIles/Info.plist";
				IPHONEOS_DEPLOYMENT_TARGET = 13.0;
				LD_RUNPATH_SEARCH_PATHS = (
					"$(inherited)",
					"@executable_path/Frameworks",
				);
				PRODUCT_BUNDLE_IDENTIFIER = com.nirma.Konevod;
				PRODUCT_NAME = "$(TARGET_NAME)";
				PROVISIONING_PROFILE_SPECIFIER = "";
				SWIFT_VERSION = 5.0;
				TARGETED_DEVICE_FAMILY = 1;
			};
			name = Release;
		};
		F4CEEF21253829BB00A37ECB /* Debug */ = {
			isa = XCBuildConfiguration;
			buildSettings = {
				ALWAYS_EMBED_SWIFT_STANDARD_LIBRARIES = YES;
				BUNDLE_LOADER = "$(TEST_HOST)";
				CODE_SIGN_STYLE = Automatic;
				DEVELOPMENT_TEAM = U9A52X52G8;
				INFOPLIST_FILE = Konevod/Info.plist;
				IPHONEOS_DEPLOYMENT_TARGET = 14.0;
				LD_RUNPATH_SEARCH_PATHS = (
					"$(inherited)",
					"@executable_path/Frameworks",
					"@loader_path/Frameworks",
				);
				PRODUCT_BUNDLE_IDENTIFIER = com.nirma.Konevod;
				PRODUCT_NAME = "$(TARGET_NAME)";
				SWIFT_VERSION = 5.0;
				TARGETED_DEVICE_FAMILY = "1,2";
				TEST_HOST = "$(BUILT_PRODUCTS_DIR)/Konevod.app/Konevod";
			};
			name = Debug;
		};
		F4CEEF22253829BB00A37ECB /* Release */ = {
			isa = XCBuildConfiguration;
			buildSettings = {
				ALWAYS_EMBED_SWIFT_STANDARD_LIBRARIES = YES;
				BUNDLE_LOADER = "$(TEST_HOST)";
				CODE_SIGN_STYLE = Automatic;
				DEVELOPMENT_TEAM = U9A52X52G8;
				INFOPLIST_FILE = Konevod/Info.plist;
				IPHONEOS_DEPLOYMENT_TARGET = 14.0;
				LD_RUNPATH_SEARCH_PATHS = (
					"$(inherited)",
					"@executable_path/Frameworks",
					"@loader_path/Frameworks",
				);
				PRODUCT_BUNDLE_IDENTIFIER = com.nirma.Konevod;
				PRODUCT_NAME = "$(TARGET_NAME)";
				SWIFT_VERSION = 5.0;
				TARGETED_DEVICE_FAMILY = "1,2";
				TEST_HOST = "$(BUILT_PRODUCTS_DIR)/Konevod.app/Konevod";
			};
			name = Release;
		};
/* End XCBuildConfiguration section */

/* Begin XCConfigurationList section */
		F4CEEEEE253829B900A37ECB /* Build configuration list for PBXProject "Konevod" */ = {
			isa = XCConfigurationList;
			buildConfigurations = (
				F4CEEF1B253829BB00A37ECB /* Debug */,
				F4CEEF1C253829BB00A37ECB /* Release */,
			);
			defaultConfigurationIsVisible = 0;
			defaultConfigurationName = Release;
		};
		F4CEEF1D253829BB00A37ECB /* Build configuration list for PBXNativeTarget "Konevod" */ = {
			isa = XCConfigurationList;
			buildConfigurations = (
				F4CEEF1E253829BB00A37ECB /* Debug */,
				F4CEEF1F253829BB00A37ECB /* Release */,
			);
			defaultConfigurationIsVisible = 0;
			defaultConfigurationName = Release;
		};
		F4CEEF20253829BB00A37ECB /* Build configuration list for PBXNativeTarget "KonevodTests" */ = {
			isa = XCConfigurationList;
			buildConfigurations = (
				F4CEEF21253829BB00A37ECB /* Debug */,
				F4CEEF22253829BB00A37ECB /* Release */,
			);
			defaultConfigurationIsVisible = 0;
			defaultConfigurationName = Release;
		};
/* End XCConfigurationList section */

/* Begin XCRemoteSwiftPackageReference section */
		F4DC105B2538400D0074B211 /* XCRemoteSwiftPackageReference "SwiftFormat" */ = {
			isa = XCRemoteSwiftPackageReference;
			repositoryURL = "https://github.com/nicklockwood/SwiftFormat";
			requirement = {
				kind = upToNextMajorVersion;
				minimumVersion = 0.47.0;
			};
		};
/* End XCRemoteSwiftPackageReference section */

/* Begin XCSwiftPackageProductDependency section */
		F4DC105C2538400D0074B211 /* SwiftFormat */ = {
			isa = XCSwiftPackageProductDependency;
			package = F4DC105B2538400D0074B211 /* XCRemoteSwiftPackageReference "SwiftFormat" */;
			productName = SwiftFormat;
		};
/* End XCSwiftPackageProductDependency section */
	};
	rootObject = F4CEEEEB253829B900A37ECB /* Project object */;
}
